
Microsoft Visual Studio Solution File, Format Version 12.00
# Visual Studio Version 17
VisualStudioVersion = 17.7.34202.233
MinimumVisualStudioVersion = 10.0.40219.1
Project("{FAE04EC0-301F-11D3-BF4B-00C04F79EFBC}") = "practica 1, ejercicios 3 U3", "practica 1, ejercicios 3 U3.csproj", "{AA709E56-4B46-454F-A464-7A1B9ABE4013}"
EndProject
Global
	GlobalSection(SolutionConfigurationPlatforms) = preSolution
		Debug|Any CPU = Debug|Any CPU
		Release|Any CPU = Release|Any CPU
	EndGlobalSection
	GlobalSection(ProjectConfigurationPlatforms) = postSolution
		{AA709E56-4B46-454F-A464-7A1B9ABE4013}.Debug|Any CPU.ActiveCfg = Debug|Any CPU
		{AA709E56-4B46-454F-A464-7A1B9ABE4013}.Debug|Any CPU.Build.0 = Debug|Any CPU
		{AA709E56-4B46-454F-A464-7A1B9ABE4013}.Release|Any CPU.ActiveCfg = Release|Any CPU
		{AA709E56-4B46-454F-A464-7A1B9ABE4013}.Release|Any CPU.Build.0 = Release|Any CPU
	EndGlobalSection
	GlobalSection(SolutionProperties) = preSolution
		HideSolutionNode = FALSE
	EndGlobalSection
	GlobalSection(ExtensibilityGlobals) = postSolution
		SolutionGuid = {B056D77C-13FD-4E83-9C3C-D2A3291DFB37}
	EndGlobalSection
EndGlobal
